// !$*UTF8*$!
{
	archiveVersion = 1;
	classes = {
	};
	objectVersion = 56;
	objects = {

/* Begin PBXBuildFile section */
		E64920992BE44EE100632DEF /* AppDelegate.swift in Sources */ = {isa = PBXBuildFile; fileRef = E64920982BE44EE100632DEF /* AppDelegate.swift */; };
		E649209B2BE44EE100632DEF /* SceneDelegate.swift in Sources */ = {isa = PBXBuildFile; fileRef = E649209A2BE44EE100632DEF /* SceneDelegate.swift */; };
		E649209D2BE44EE100632DEF /* ViewController.swift in Sources */ = {isa = PBXBuildFile; fileRef = E649209C2BE44EE100632DEF /* ViewController.swift */; };
		E64920A02BE44EE100632DEF /* Base in Resources */ = {isa = PBXBuildFile; fileRef = E649209F2BE44EE100632DEF /* Base */; };
		E64920A22BE44EE300632DEF /* Assets.xcassets in Resources */ = {isa = PBXBuildFile; fileRef = E64920A12BE44EE300632DEF /* Assets.xcassets */; };
		E64920A52BE44EE300632DEF /* Base in Resources */ = {isa = PBXBuildFile; fileRef = E64920A42BE44EE300632DEF /* Base */; };
		E64920B02BE44EE300632DEF /* meliTests.swift in Sources */ = {isa = PBXBuildFile; fileRef = E64920AF2BE44EE300632DEF /* meliTests.swift */; };
		E64920BA2BE44EE400632DEF /* meliUITests.swift in Sources */ = {isa = PBXBuildFile; fileRef = E64920B92BE44EE400632DEF /* meliUITests.swift */; };
		E64920BC2BE44EE400632DEF /* meliUITestsLaunchTests.swift in Sources */ = {isa = PBXBuildFile; fileRef = E64920BB2BE44EE400632DEF /* meliUITestsLaunchTests.swift */; };
/* End PBXBuildFile section */

/* Begin PBXContainerItemProxy section */
		E64920AC2BE44EE300632DEF /* PBXContainerItemProxy */ = {
			isa = PBXContainerItemProxy;
			containerPortal = E649208D2BE44EE100632DEF /* Project object */;
			proxyType = 1;
			remoteGlobalIDString = E64920942BE44EE100632DEF;
			remoteInfo = meli;
		};
		E64920B62BE44EE400632DEF /* PBXContainerItemProxy */ = {
			isa = PBXContainerItemProxy;
			containerPortal = E649208D2BE44EE100632DEF /* Project object */;
			proxyType = 1;
			remoteGlobalIDString = E64920942BE44EE100632DEF;
			remoteInfo = meli;
		};
/* End PBXContainerItemProxy section */

/* Begin PBXFileReference section */
		E64920952BE44EE100632DEF /* meli.app */ = {isa = PBXFileReference; explicitFileType = wrapper.application; includeInIndex = 0; path = meli.app; sourceTree = BUILT_PRODUCTS_DIR; };
		E64920982BE44EE100632DEF /* AppDelegate.swift */ = {isa = PBXFileReference; lastKnownFileType = sourcecode.swift; path = AppDelegate.swift; sourceTree = "<group>"; };
		E649209A2BE44EE100632DEF /* SceneDelegate.swift */ = {isa = PBXFileReference; lastKnownFileType = sourcecode.swift; path = SceneDelegate.swift; sourceTree = "<group>"; };
		E649209C2BE44EE100632DEF /* ViewController.swift */ = {isa = PBXFileReference; lastKnownFileType = sourcecode.swift; path = ViewController.swift; sourceTree = "<group>"; };
		E649209F2BE44EE100632DEF /* Base */ = {isa = PBXFileReference; lastKnownFileType = file.storyboard; name = Base; path = Base.lproj/Main.storyboard; sourceTree = "<group>"; };
		E64920A12BE44EE300632DEF /* Assets.xcassets */ = {isa = PBXFileReference; lastKnownFileType = folder.assetcatalog; path = Assets.xcassets; sourceTree = "<group>"; };
		E64920A42BE44EE300632DEF /* Base */ = {isa = PBXFileReference; lastKnownFileType = file.storyboard; name = Base; path = Base.lproj/LaunchScreen.storyboard; sourceTree = "<group>"; };
		E64920A62BE44EE300632DEF /* Info.plist */ = {isa = PBXFileReference; lastKnownFileType = text.plist.xml; path = Info.plist; sourceTree = "<group>"; };
		E64920AB2BE44EE300632DEF /* meliTests.xctest */ = {isa = PBXFileReference; explicitFileType = wrapper.cfbundle; includeInIndex = 0; path = meliTests.xctest; sourceTree = BUILT_PRODUCTS_DIR; };
		E64920AF2BE44EE300632DEF /* meliTests.swift */ = {isa = PBXFileReference; lastKnownFileType = sourcecode.swift; path = meliTests.swift; sourceTree = "<group>"; };
		E64920B52BE44EE400632DEF /* meliUITests.xctest */ = {isa = PBXFileReference; explicitFileType = wrapper.cfbundle; includeInIndex = 0; path = meliUITests.xctest; sourceTree = BUILT_PRODUCTS_DIR; };
		E64920B92BE44EE400632DEF /* meliUITests.swift */ = {isa = PBXFileReference; lastKnownFileType = sourcecode.swift; path = meliUITests.swift; sourceTree = "<group>"; };
		E64920BB2BE44EE400632DEF /* meliUITestsLaunchTests.swift */ = {isa = PBXFileReference; lastKnownFileType = sourcecode.swift; path = meliUITestsLaunchTests.swift; sourceTree = "<group>"; };
/* End PBXFileReference section */

/* Begin PBXFrameworksBuildPhase section */
		E64920922BE44EE100632DEF /* Frameworks */ = {
			isa = PBXFrameworksBuildPhase;
			buildActionMask = 2147483647;
			files = (
			);
			runOnlyForDeploymentPostprocessing = 0;
		};
		E64920A82BE44EE300632DEF /* Frameworks */ = {
			isa = PBXFrameworksBuildPhase;
			buildActionMask = 2147483647;
			files = (
			);
			runOnlyForDeploymentPostprocessing = 0;
		};
		E64920B22BE44EE400632DEF /* Frameworks */ = {
			isa = PBXFrameworksBuildPhase;
			buildActionMask = 2147483647;
			files = (
			);
			runOnlyForDeploymentPostprocessing = 0;
		};
/* End PBXFrameworksBuildPhase section */

/* Begin PBXGroup section */
		E649208C2BE44EE100632DEF = {
			isa = PBXGroup;
			children = (
				E64920972BE44EE100632DEF /* meli */,
				E64920AE2BE44EE300632DEF /* meliTests */,
				E64920B82BE44EE400632DEF /* meliUITests */,
				E64920962BE44EE100632DEF /* Products */,
			);
			sourceTree = "<group>";
		};
		E64920962BE44EE100632DEF /* Products */ = {
			isa = PBXGroup;
			children = (
				E64920952BE44EE100632DEF /* meli.app */,
				E64920AB2BE44EE300632DEF /* meliTests.xctest */,
				E64920B52BE44EE400632DEF /* meliUITests.xctest */,
			);
			name = Products;
			sourceTree = "<group>";
		};
		E64920972BE44EE100632DEF /* meli */ = {
			isa = PBXGroup;
			children = (
				E64920982BE44EE100632DEF /* AppDelegate.swift */,
				E649209A2BE44EE100632DEF /* SceneDelegate.swift */,
				E649209C2BE44EE100632DEF /* ViewController.swift */,
				E649209E2BE44EE100632DEF /* Main.storyboard */,
				E64920A12BE44EE300632DEF /* Assets.xcassets */,
				E64920A32BE44EE300632DEF /* LaunchScreen.storyboard */,
				E64920A62BE44EE300632DEF /* Info.plist */,
			);
			path = meli;
			sourceTree = "<group>";
		};
		E64920AE2BE44EE300632DEF /* meliTests */ = {
			isa = PBXGroup;
			children = (
				E64920AF2BE44EE300632DEF /* meliTests.swift */,
			);
			path = meliTests;
			sourceTree = "<group>";
		};
		E64920B82BE44EE400632DEF /* meliUITests */ = {
			isa = PBXGroup;
			children = (
				E64920B92BE44EE400632DEF /* meliUITests.swift */,
				E64920BB2BE44EE400632DEF /* meliUITestsLaunchTests.swift */,
			);
			path = meliUITests;
			sourceTree = "<group>";
		};
/* End PBXGroup section */

/* Begin PBXNativeTarget section */
		E64920942BE44EE100632DEF /* meli */ = {
			isa = PBXNativeTarget;
			buildConfigurationList = E64920BF2BE44EE400632DEF /* Build configuration list for PBXNativeTarget "meli" */;
			buildPhases = (
				E64920912BE44EE100632DEF /* Sources */,
				E64920922BE44EE100632DEF /* Frameworks */,
				E64920932BE44EE100632DEF /* Resources */,
			);
			buildRules = (
			);
			dependencies = (
			);
			name = meli;
			productName = meli;
			productReference = E64920952BE44EE100632DEF /* meli.app */;
			productType = "com.apple.product-type.application";
		};
		E64920AA2BE44EE300632DEF /* meliTests */ = {
			isa = PBXNativeTarget;
			buildConfigurationList = E64920C22BE44EE400632DEF /* Build configuration list for PBXNativeTarget "meliTests" */;
			buildPhases = (
				E64920A72BE44EE300632DEF /* Sources */,
				E64920A82BE44EE300632DEF /* Frameworks */,
				E64920A92BE44EE300632DEF /* Resources */,
			);
			buildRules = (
			);
			dependencies = (
				E64920AD2BE44EE300632DEF /* PBXTargetDependency */,
			);
			name = meliTests;
			productName = meliTests;
			productReference = E64920AB2BE44EE300632DEF /* meliTests.xctest */;
			productType = "com.apple.product-type.bundle.unit-test";
		};
		E64920B42BE44EE400632DEF /* meliUITests */ = {
			isa = PBXNativeTarget;
			buildConfigurationList = E64920C52BE44EE400632DEF /* Build configuration list for PBXNativeTarget "meliUITests" */;
			buildPhases = (
				E64920B12BE44EE400632DEF /* Sources */,
				E64920B22BE44EE400632DEF /* Frameworks */,
				E64920B32BE44EE400632DEF /* Resources */,
			);
			buildRules = (
			);
			dependencies = (
				E64920B72BE44EE400632DEF /* PBXTargetDependency */,
			);
			name = meliUITests;
			productName = meliUITests;
			productReference = E64920B52BE44EE400632DEF /* meliUITests.xctest */;
			productType = "com.apple.product-type.bundle.ui-testing";
		};
/* End PBXNativeTarget section */

/* Begin PBXProject section */
		E649208D2BE44EE100632DEF /* Project object */ = {
			isa = PBXProject;
			attributes = {
				BuildIndependentTargetsInParallel = 1;
				LastSwiftUpdateCheck = 1530;
				LastUpgradeCheck = 1530;
				TargetAttributes = {
					E64920942BE44EE100632DEF = {
						CreatedOnToolsVersion = 15.3;
					};
					E64920AA2BE44EE300632DEF = {
						CreatedOnToolsVersion = 15.3;
						TestTargetID = E64920942BE44EE100632DEF;
					};
					E64920B42BE44EE400632DEF = {
						CreatedOnToolsVersion = 15.3;
						TestTargetID = E64920942BE44EE100632DEF;
					};
				};
			};
			buildConfigurationList = E64920902BE44EE100632DEF /* Build configuration list for PBXProject "meli" */;
			compatibilityVersion = "Xcode 14.0";
			developmentRegion = en;
			hasScannedForEncodings = 0;
			knownRegions = (
				en,
				Base,
			);
			mainGroup = E649208C2BE44EE100632DEF;
			productRefGroup = E64920962BE44EE100632DEF /* Products */;
			projectDirPath = "";
			projectRoot = "";
			targets = (
				E64920942BE44EE100632DEF /* meli */,
				E64920AA2BE44EE300632DEF /* meliTests */,
				E64920B42BE44EE400632DEF /* meliUITests */,
			);
		};
/* End PBXProject section */

/* Begin PBXResourcesBuildPhase section */
		E64920932BE44EE100632DEF /* Resources */ = {
			isa = PBXResourcesBuildPhase;
			buildActionMask = 2147483647;
			files = (
				E64920A22BE44EE300632DEF /* Assets.xcassets in Resources */,
				E64920A52BE44EE300632DEF /* Base in Resources */,
				E64920A02BE44EE100632DEF /* Base in Resources */,
			);
			runOnlyForDeploymentPostprocessing = 0;
		};
		E64920A92BE44EE300632DEF /* Resources */ = {
			isa = PBXResourcesBuildPhase;
			buildActionMask = 2147483647;
			files = (
			);
			runOnlyForDeploymentPostprocessing = 0;
		};
		E64920B32BE44EE400632DEF /* Resources */ = {
			isa = PBXResourcesBuildPhase;
			buildActionMask = 2147483647;
			files = (
			);
			runOnlyForDeploymentPostprocessing = 0;
		};
/* End PBXResourcesBuildPhase section */

/* Begin PBXSourcesBuildPhase section */
		E64920912BE44EE100632DEF /* Sources */ = {
			isa = PBXSourcesBuildPhase;
			buildActionMask = 2147483647;
			files = (
				E649209D2BE44EE100632DEF /* ViewController.swift in Sources */,
				E64920992BE44EE100632DEF /* AppDelegate.swift in Sources */,
				E649209B2BE44EE100632DEF /* SceneDelegate.swift in Sources */,
			);
			runOnlyForDeploymentPostprocessing = 0;
		};
		E64920A72BE44EE300632DEF /* Sources */ = {
			isa = PBXSourcesBuildPhase;
			buildActionMask = 2147483647;
			files = (
				E64920B02BE44EE300632DEF /* meliTests.swift in Sources */,
			);
			runOnlyForDeploymentPostprocessing = 0;
		};
		E64920B12BE44EE400632DEF /* Sources */ = {
			isa = PBXSourcesBuildPhase;
			buildActionMask = 2147483647;
			files = (
				E64920BA2BE44EE400632DEF /* meliUITests.swift in Sources */,
				E64920BC2BE44EE400632DEF /* meliUITestsLaunchTests.swift in Sources */,
			);
			runOnlyForDeploymentPostprocessing = 0;
		};
/* End PBXSourcesBuildPhase section */

/* Begin PBXTargetDependency section */
		E64920AD2BE44EE300632DEF /* PBXTargetDependency */ = {
			isa = PBXTargetDependency;
			target = E64920942BE44EE100632DEF /* meli */;
			targetProxy = E64920AC2BE44EE300632DEF /* PBXContainerItemProxy */;
		};
		E64920B72BE44EE400632DEF /* PBXTargetDependency */ = {
			isa = PBXTargetDependency;
			target = E64920942BE44EE100632DEF /* meli */;
			targetProxy = E64920B62BE44EE400632DEF /* PBXContainerItemProxy */;
		};
/* End PBXTargetDependency section */

/* Begin PBXVariantGroup section */
		E649209E2BE44EE100632DEF /* Main.storyboard */ = {
			isa = PBXVariantGroup;
			children = (
				E649209F2BE44EE100632DEF /* Base */,
			);
			name = Main.storyboard;
			sourceTree = "<group>";
		};
		E64920A32BE44EE300632DEF /* LaunchScreen.storyboard */ = {
			isa = PBXVariantGroup;
			children = (
				E64920A42BE44EE300632DEF /* Base */,
			);
			name = LaunchScreen.storyboard;
			sourceTree = "<group>";
		};
/* End PBXVariantGroup section */

/* Begin XCBuildConfiguration section */
		E64920BD2BE44EE400632DEF /* Debug */ = {
			isa = XCBuildConfiguration;
			buildSettings = {
				ALWAYS_SEARCH_USER_PATHS = NO;
				ASSETCATALOG_COMPILER_GENERATE_SWIFT_ASSET_SYMBOL_EXTENSIONS = YES;
				CLANG_ANALYZER_NONNULL = YES;
				CLANG_ANALYZER_NUMBER_OBJECT_CONVERSION = YES_AGGRESSIVE;
				CLANG_CXX_LANGUAGE_STANDARD = "gnu++20";
				CLANG_ENABLE_MODULES = YES;
				CLANG_ENABLE_OBJC_ARC = YES;
				CLANG_ENABLE_OBJC_WEAK = YES;
				CLANG_WARN_BLOCK_CAPTURE_AUTORELEASING = YES;
				CLANG_WARN_BOOL_CONVERSION = YES;
				CLANG_WARN_COMMA = YES;
				CLANG_WARN_CONSTANT_CONVERSION = YES;
				CLANG_WARN_DEPRECATED_OBJC_IMPLEMENTATIONS = YES;
				CLANG_WARN_DIRECT_OBJC_ISA_USAGE = YES_ERROR;
				CLANG_WARN_DOCUMENTATION_COMMENTS = YES;
				CLANG_WARN_EMPTY_BODY = YES;
				CLANG_WARN_ENUM_CONVERSION = YES;
				CLANG_WARN_INFINITE_RECURSION = YES;
				CLANG_WARN_INT_CONVERSION = YES;
				CLANG_WARN_NON_LITERAL_NULL_CONVERSION = YES;
				CLANG_WARN_OBJC_IMPLICIT_RETAIN_SELF = YES;
				CLANG_WARN_OBJC_LITERAL_CONVERSION = YES;
				CLANG_WARN_OBJC_ROOT_CLASS = YES_ERROR;
				CLANG_WARN_QUOTED_INCLUDE_IN_FRAMEWORK_HEADER = YES;
				CLANG_WARN_RANGE_LOOP_ANALYSIS = YES;
				CLANG_WARN_STRICT_PROTOTYPES = YES;
				CLANG_WARN_SUSPICIOUS_MOVE = YES;
				CLANG_WARN_UNGUARDED_AVAILABILITY = YES_AGGRESSIVE;
				CLANG_WARN_UNREACHABLE_CODE = YES;
				CLANG_WARN__DUPLICATE_METHOD_MATCH = YES;
				COPY_PHASE_STRIP = NO;
				DEBUG_INFORMATION_FORMAT = dwarf;
				ENABLE_STRICT_OBJC_MSGSEND = YES;
				ENABLE_TESTABILITY = YES;
				ENABLE_USER_SCRIPT_SANDBOXING = YES;
				GCC_C_LANGUAGE_STANDARD = gnu17;
				GCC_DYNAMIC_NO_PIC = NO;
				GCC_NO_COMMON_BLOCKS = YES;
				GCC_OPTIMIZATION_LEVEL = 0;
				GCC_PREPROCESSOR_DEFINITIONS = (
					"DEBUG=1",
					"$(inherited)",
				);
				GCC_WARN_64_TO_32_BIT_CONVERSION = YES;
				GCC_WARN_ABOUT_RETURN_TYPE = YES_ERROR;
				GCC_WARN_UNDECLARED_SELECTOR = YES;
				GCC_WARN_UNINITIALIZED_AUTOS = YES_AGGRESSIVE;
				GCC_WARN_UNUSED_FUNCTION = YES;
				GCC_WARN_UNUSED_VARIABLE = YES;
				IPHONEOS_DEPLOYMENT_TARGET = 17.4;
				LOCALIZATION_PREFERS_STRING_CATALOGS = YES;
				MTL_ENABLE_DEBUG_INFO = INCLUDE_SOURCE;
				MTL_FAST_MATH = YES;
				ONLY_ACTIVE_ARCH = YES;
				SDKROOT = iphoneos;
				SWIFT_ACTIVE_COMPILATION_CONDITIONS = "DEBUG $(inherited)";
				SWIFT_OPTIMIZATION_LEVEL = "-Onone";
			};
			name = Debug;
		};
		E64920BE2BE44EE400632DEF /* Release */ = {
			isa = XCBuildConfiguration;
			buildSettings = {
				ALWAYS_SEARCH_USER_PATHS = NO;
				ASSETCATALOG_COMPILER_GENERATE_SWIFT_ASSET_SYMBOL_EXTENSIONS = YES;
				CLANG_ANALYZER_NONNULL = YES;
				CLANG_ANALYZER_NUMBER_OBJECT_CONVERSION = YES_AGGRESSIVE;
				CLANG_CXX_LANGUAGE_STANDARD = "gnu++20";
				CLANG_ENABLE_MODULES = YES;
				CLANG_ENABLE_OBJC_ARC = YES;
				CLANG_ENABLE_OBJC_WEAK = YES;
				CLANG_WARN_BLOCK_CAPTURE_AUTORELEASING = YES;
				CLANG_WARN_BOOL_CONVERSION = YES;
				CLANG_WARN_COMMA = YES;
				CLANG_WARN_CONSTANT_CONVERSION = YES;
				CLANG_WARN_DEPRECATED_OBJC_IMPLEMENTATIONS = YES;
				CLANG_WARN_DIRECT_OBJC_ISA_USAGE = YES_ERROR;
				CLANG_WARN_DOCUMENTATION_COMMENTS = YES;
				CLANG_WARN_EMPTY_BODY = YES;
				CLANG_WARN_ENUM_CONVERSION = YES;
				CLANG_WARN_INFINITE_RECURSION = YES;
				CLANG_WARN_INT_CONVERSION = YES;
				CLANG_WARN_NON_LITERAL_NULL_CONVERSION = YES;
				CLANG_WARN_OBJC_IMPLICIT_RETAIN_SELF = YES;
				CLANG_WARN_OBJC_LITERAL_CONVERSION = YES;
				CLANG_WARN_OBJC_ROOT_CLASS = YES_ERROR;
				CLANG_WARN_QUOTED_INCLUDE_IN_FRAMEWORK_HEADER = YES;
				CLANG_WARN_RANGE_LOOP_ANALYSIS = YES;
				CLANG_WARN_STRICT_PROTOTYPES = YES;
				CLANG_WARN_SUSPICIOUS_MOVE = YES;
				CLANG_WARN_UNGUARDED_AVAILABILITY = YES_AGGRESSIVE;
				CLANG_WARN_UNREACHABLE_CODE = YES;
				CLANG_WARN__DUPLICATE_METHOD_MATCH = YES;
				COPY_PHASE_STRIP = NO;
				DEBUG_INFORMATION_FORMAT = "dwarf-with-dsym";
				ENABLE_NS_ASSERTIONS = NO;
				ENABLE_STRICT_OBJC_MSGSEND = YES;
				ENABLE_USER_SCRIPT_SANDBOXING = YES;
				GCC_C_LANGUAGE_STANDARD = gnu17;
				GCC_NO_COMMON_BLOCKS = YES;
				GCC_WARN_64_TO_32_BIT_CONVERSION = YES;
				GCC_WARN_ABOUT_RETURN_TYPE = YES_ERROR;
				GCC_WARN_UNDECLARED_SELECTOR = YES;
				GCC_WARN_UNINITIALIZED_AUTOS = YES_AGGRESSIVE;
				GCC_WARN_UNUSED_FUNCTION = YES;
				GCC_WARN_UNUSED_VARIABLE = YES;
				IPHONEOS_DEPLOYMENT_TARGET = 17.4;
				LOCALIZATION_PREFERS_STRING_CATALOGS = YES;
				MTL_ENABLE_DEBUG_INFO = NO;
				MTL_FAST_MATH = YES;
				SDKROOT = iphoneos;
				SWIFT_COMPILATION_MODE = wholemodule;
				VALIDATE_PRODUCT = YES;
			};
			name = Release;
		};
		E64920C02BE44EE400632DEF /* Debug */ = {
			isa = XCBuildConfiguration;
			buildSettings = {
				ASSETCATALOG_COMPILER_APPICON_NAME = AppIcon;
				ASSETCATALOG_COMPILER_GLOBAL_ACCENT_COLOR_NAME = AccentColor;
				CODE_SIGN_STYLE = Automatic;
				CURRENT_PROJECT_VERSION = 1;
				DEVELOPMENT_TEAM = GYW52QAKQ3;
				GENERATE_INFOPLIST_FILE = YES;
				INFOPLIST_FILE = meli/Info.plist;
				INFOPLIST_KEY_UIApplicationSupportsIndirectInputEvents = YES;
				INFOPLIST_KEY_UILaunchStoryboardName = LaunchScreen;
				INFOPLIST_KEY_UIMainStoryboardFile = Main;
				INFOPLIST_KEY_UISupportedInterfaceOrientations_iPad = "UIInterfaceOrientationPortrait UIInterfaceOrientationPortraitUpsideDown UIInterfaceOrientationLandscapeLeft UIInterfaceOrientationLandscapeRight";
				INFOPLIST_KEY_UISupportedInterfaceOrientations_iPhone = "UIInterfaceOrientationPortrait UIInterfaceOrientationLandscapeLeft UIInterfaceOrientationLandscapeRight";
				LD_RUNPATH_SEARCH_PATHS = (
					"$(inherited)",
					"@executable_path/Frameworks",
				);
				MARKETING_VERSION = 1.0;
				PRODUCT_BUNDLE_IDENTIFIER = com.twon.meli;
				PRODUCT_NAME = "$(TARGET_NAME)";
				SWIFT_EMIT_LOC_STRINGS = YES;
				SWIFT_VERSION = 5.0;
				TARGETED_DEVICE_FAMILY = "1,2";
			};
			name = Debug;
		};
		E64920C12BE44EE400632DEF /* Release */ = {
			isa = XCBuildConfiguration;
			buildSettings = {
				ASSETCATALOG_COMPILER_APPICON_NAME = AppIcon;
				ASSETCATALOG_COMPILER_GLOBAL_ACCENT_COLOR_NAME = AccentColor;
				CODE_SIGN_STYLE = Automatic;
				CURRENT_PROJECT_VERSION = 1;
				DEVELOPMENT_TEAM = GYW52QAKQ3;
				GENERATE_INFOPLIST_FILE = YES;
				INFOPLIST_FILE = meli/Info.plist;
				INFOPLIST_KEY_UIApplicationSupportsIndirectInputEvents = YES;
				INFOPLIST_KEY_UILaunchStoryboardName = LaunchScreen;
				INFOPLIST_KEY_UIMainStoryboardFile = Main;
				INFOPLIST_KEY_UISupportedInterfaceOrientations_iPad = "UIInterfaceOrientationPortrait UIInterfaceOrientationPortraitUpsideDown UIInterfaceOrientationLandscapeLeft UIInterfaceOrientationLandscapeRight";
				INFOPLIST_KEY_UISupportedInterfaceOrientations_iPhone = "UIInterfaceOrientationPortrait UIInterfaceOrientationLandscapeLeft UIInterfaceOrientationLandscapeRight";
				LD_RUNPATH_SEARCH_PATHS = (
					"$(inherited)",
					"@executable_path/Frameworks",
				);
				MARKETING_VERSION = 1.0;
				PRODUCT_BUNDLE_IDENTIFIER = com.twon.meli;
				PRODUCT_NAME = "$(TARGET_NAME)";
				SWIFT_EMIT_LOC_STRINGS = YES;
				SWIFT_VERSION = 5.0;
				TARGETED_DEVICE_FAMILY = "1,2";
			};
			name = Release;
		};
		E64920C32BE44EE400632DEF /* Debug */ = {
			isa = XCBuildConfiguration;
			buildSettings = {
				ALWAYS_EMBED_SWIFT_STANDARD_LIBRARIES = YES;
				BUNDLE_LOADER = "$(TEST_HOST)";
				CODE_SIGN_STYLE = Automatic;
				CURRENT_PROJECT_VERSION = 1;
				DEVELOPMENT_TEAM = GYW52QAKQ3;
				GENERATE_INFOPLIST_FILE = YES;
				IPHONEOS_DEPLOYMENT_TARGET = 17.4;
				MARKETING_VERSION = 1.0;
				PRODUCT_BUNDLE_IDENTIFIER = com.twon.meliTests;
				PRODUCT_NAME = "$(TARGET_NAME)";
				SWIFT_EMIT_LOC_STRINGS = NO;
				SWIFT_VERSION = 5.0;
				TARGETED_DEVICE_FAMILY = "1,2";
				TEST_HOST = "$(BUILT_PRODUCTS_DIR)/meli.app/$(BUNDLE_EXECUTABLE_FOLDER_PATH)/meli";
			};
			name = Debug;
		};
		E64920C42BE44EE400632DEF /* Release */ = {
			isa = XCBuildConfiguration;
			buildSettings = {
				ALWAYS_EMBED_SWIFT_STANDARD_LIBRARIES = YES;
				BUNDLE_LOADER = "$(TEST_HOST)";
				CODE_SIGN_STYLE = Automatic;
				CURRENT_PROJECT_VERSION = 1;
				DEVELOPMENT_TEAM = GYW52QAKQ3;
				GENERATE_INFOPLIST_FILE = YES;
				IPHONEOS_DEPLOYMENT_TARGET = 17.4;
				MARKETING_VERSION = 1.0;
				PRODUCT_BUNDLE_IDENTIFIER = com.twon.meliTests;
				PRODUCT_NAME = "$(TARGET_NAME)";
				SWIFT_EMIT_LOC_STRINGS = NO;
				SWIFT_VERSION = 5.0;
				TARGETED_DEVICE_FAMILY = "1,2";
				TEST_HOST = "$(BUILT_PRODUCTS_DIR)/meli.app/$(BUNDLE_EXECUTABLE_FOLDER_PATH)/meli";
			};
			name = Release;
		};
		E64920C62BE44EE400632DEF /* Debug */ = {
			isa = XCBuildConfiguration;
			buildSettings = {
				ALWAYS_EMBED_SWIFT_STANDARD_LIBRARIES = YES;
				CODE_SIGN_STYLE = Automatic;
				CURRENT_PROJECT_VERSION = 1;
				DEVELOPMENT_TEAM = GYW52QAKQ3;
				GENERATE_INFOPLIST_FILE = YES;
				MARKETING_VERSION = 1.0;
				PRODUCT_BUNDLE_IDENTIFIER = com.twon.meliUITests;
				PRODUCT_NAME = "$(TARGET_NAME)";
				SWIFT_EMIT_LOC_STRINGS = NO;
				SWIFT_VERSION = 5.0;
				TARGETED_DEVICE_FAMILY = "1,2";
				TEST_TARGET_NAME = meli;
			};
			name = Debug;
		};
		E64920C72BE44EE400632DEF /* Release */ = {
			isa = XCBuildConfiguration;
			buildSettings = {
				ALWAYS_EMBED_SWIFT_STANDARD_LIBRARIES = YES;
				CODE_SIGN_STYLE = Automatic;
				CURRENT_PROJECT_VERSION = 1;
				DEVELOPMENT_TEAM = GYW52QAKQ3;
				GENERATE_INFOPLIST_FILE = YES;
				MARKETING_VERSION = 1.0;
				PRODUCT_BUNDLE_IDENTIFIER = com.twon.meliUITests;
				PRODUCT_NAME = "$(TARGET_NAME)";
				SWIFT_EMIT_LOC_STRINGS = NO;
				SWIFT_VERSION = 5.0;
				TARGETED_DEVICE_FAMILY = "1,2";
				TEST_TARGET_NAME = meli;
			};
			name = Release;
		};
/* End XCBuildConfiguration section */

/* Begin XCConfigurationList section */
		E64920902BE44EE100632DEF /* Build configuration list for PBXProject "meli" */ = {
			isa = XCConfigurationList;
			buildConfigurations = (
				E64920BD2BE44EE400632DEF /* Debug */,
				E64920BE2BE44EE400632DEF /* Release */,
			);
			defaultConfigurationIsVisible = 0;
			defaultConfigurationName = Release;
		};
		E64920BF2BE44EE400632DEF /* Build configuration list for PBXNativeTarget "meli" */ = {
			isa = XCConfigurationList;
			buildConfigurations = (
				E64920C02BE44EE400632DEF /* Debug */,
				E64920C12BE44EE400632DEF /* Release */,
			);
			defaultConfigurationIsVisible = 0;
			defaultConfigurationName = Release;
		};
		E64920C22BE44EE400632DEF /* Build configuration list for PBXNativeTarget "meliTests" */ = {
			isa = XCConfigurationList;
			buildConfigurations = (
				E64920C32BE44EE400632DEF /* Debug */,
				E64920C42BE44EE400632DEF /* Release */,
			);
			defaultConfigurationIsVisible = 0;
			defaultConfigurationName = Release;
		};
		E64920C52BE44EE400632DEF /* Build configuration list for PBXNativeTarget "meliUITests" */ = {
			isa = XCConfigurationList;
			buildConfigurations = (
				E64920C62BE44EE400632DEF /* Debug */,
				E64920C72BE44EE400632DEF /* Release */,
			);
			defaultConfigurationIsVisible = 0;
			defaultConfigurationName = Release;
		};
/* End XCConfigurationList section */
	};
	rootObject = E649208D2BE44EE100632DEF /* Project object */;
}
